
Microsoft Visual Studio Solution File, Format Version 12.00
# Visual Studio Version 17
VisualStudioVersion = 17.11.35219.272
MinimumVisualStudioVersion = 10.0.40219.1
Project("{FAE04EC0-301F-11D3-BF4B-00C04F79EFBC}") = "CleanCode", "CleanCode.csproj", "{84244311-B598-433D-BE59-AE5C9F06CE12}"
EndProject
Global
	GlobalSection(SolutionConfigurationPlatforms) = preSolution
		Debug|Any CPU = Debug|Any CPU
		Release|Any CPU = Release|Any CPU
	EndGlobalSection
	GlobalSection(ProjectConfigurationPlatforms) = postSolution
		{84244311-B598-433D-BE59-AE5C9F06CE12}.Debug|Any CPU.ActiveCfg = Debug|Any CPU
		{84244311-B598-433D-BE59-AE5C9F06CE12}.Debug|Any CPU.Build.0 = Debug|Any CPU
		{84244311-B598-433D-BE59-AE5C9F06CE12}.Release|Any CPU.ActiveCfg = Release|Any CPU
		{84244311-B598-433D-BE59-AE5C9F06CE12}.Release|Any CPU.Build.0 = Release|Any CPU
	EndGlobalSection
	GlobalSection(SolutionProperties) = preSolution
		HideSolutionNode = FALSE
	EndGlobalSection
	GlobalSection(ExtensibilityGlobals) = postSolution
		SolutionGuid = {67956B95-4668-4262-A5FC-44112DE7A02B}
	EndGlobalSection
EndGlobal
